
Microsoft Visual Studio Solution File, Format Version 12.00
# Visual Studio Version 16
VisualStudioVersion = 16.0.30611.23
MinimumVisualStudioVersion = 10.0.40219.1
Project("{9A19103F-16F7-4668-BE54-9A1E7A4F7556}") = "HoanBookListAPI", "HoanBookListAPI.csproj", "{1055908E-9800-46E2-8F3C-723F95B3FD40}"
EndProject
Project("{9A19103F-16F7-4668-BE54-9A1E7A4F7556}") = "HoanBookListData", "..\HoanBookListData\HoanBookListData.csproj", "{D92FF26C-541C-4C10-BEAF-A0419A5835E3}"
EndProject
Project("{9A19103F-16F7-4668-BE54-9A1E7A4F7556}") = "Authentication", "..\Authentication\Authentication.csproj", "{39A380D7-C504-4D05-9221-EA2EED90E392}"
EndProject
Global
	GlobalSection(SolutionConfigurationPlatforms) = preSolution
		Debug|Any CPU = Debug|Any CPU
		Release|Any CPU = Release|Any CPU
	EndGlobalSection
	GlobalSection(ProjectConfigurationPlatforms) = postSolution
		{1055908E-9800-46E2-8F3C-723F95B3FD40}.Debug|Any CPU.ActiveCfg = Debug|Any CPU
		{1055908E-9800-46E2-8F3C-723F95B3FD40}.Debug|Any CPU.Build.0 = Debug|Any CPU
		{1055908E-9800-46E2-8F3C-723F95B3FD40}.Release|Any CPU.ActiveCfg = Release|Any CPU
		{1055908E-9800-46E2-8F3C-723F95B3FD40}.Release|Any CPU.Build.0 = Release|Any CPU
		{D92FF26C-541C-4C10-BEAF-A0419A5835E3}.Debug|Any CPU.ActiveCfg = Debug|Any CPU
		{D92FF26C-541C-4C10-BEAF-A0419A5835E3}.Debug|Any CPU.Build.0 = Debug|Any CPU
		{D92FF26C-541C-4C10-BEAF-A0419A5835E3}.Release|Any CPU.ActiveCfg = Release|Any CPU
		{D92FF26C-541C-4C10-BEAF-A0419A5835E3}.Release|Any CPU.Build.0 = Release|Any CPU
		{39A380D7-C504-4D05-9221-EA2EED90E392}.Debug|Any CPU.ActiveCfg = Debug|Any CPU
		{39A380D7-C504-4D05-9221-EA2EED90E392}.Debug|Any CPU.Build.0 = Debug|Any CPU
		{39A380D7-C504-4D05-9221-EA2EED90E392}.Release|Any CPU.ActiveCfg = Release|Any CPU
		{39A380D7-C504-4D05-9221-EA2EED90E392}.Release|Any CPU.Build.0 = Release|Any CPU
	EndGlobalSection
	GlobalSection(SolutionProperties) = preSolution
		HideSolutionNode = FALSE
	EndGlobalSection
	GlobalSection(ExtensibilityGlobals) = postSolution
		SolutionGuid = {626CD87A-6450-4C8F-9CCC-76C010739925}
	EndGlobalSection
EndGlobal
